
Microsoft Visual Studio Solution File, Format Version 12.00
# Visual Studio Version 16
VisualStudioVersion = 16.0.33927.289
MinimumVisualStudioVersion = 10.0.40219.1
Project("{FAE04EC0-301F-11D3-BF4B-00C04F79EFBC}") = "ConexionBD", "ConexionBD\ConexionBD.csproj", "{6971B188-9762-458C-BF3E-66D13D8279F7}"
EndProject
Global
	GlobalSection(SolutionConfigurationPlatforms) = preSolution
		Debug|Any CPU = Debug|Any CPU
		Release|Any CPU = Release|Any CPU
	EndGlobalSection
	GlobalSection(ProjectConfigurationPlatforms) = postSolution
		{6971B188-9762-458C-BF3E-66D13D8279F7}.Debug|Any CPU.ActiveCfg = Debug|Any CPU
		{6971B188-9762-458C-BF3E-66D13D8279F7}.Debug|Any CPU.Build.0 = Debug|Any CPU
		{6971B188-9762-458C-BF3E-66D13D8279F7}.Release|Any CPU.ActiveCfg = Release|Any CPU
		{6971B188-9762-458C-BF3E-66D13D8279F7}.Release|Any CPU.Build.0 = Release|Any CPU
	EndGlobalSection
	GlobalSection(SolutionProperties) = preSolution
		HideSolutionNode = FALSE
	EndGlobalSection
	GlobalSection(ExtensibilityGlobals) = postSolution
		SolutionGuid = {C6824E8C-0262-4758-8356-71B20B0928C4}
	EndGlobalSection
EndGlobal
